
Microsoft Visual Studio Solution File, Format Version 12.00
# Visual Studio Version 17
VisualStudioVersion = 17.9.34701.34
MinimumVisualStudioVersion = 10.0.40219.1
Project("{FAE04EC0-301F-11D3-BF4B-00C04F79EFBC}") = "InternetShop", "InternetShop\InternetShop.csproj", "{3DE36F98-8CAF-45B9-B974-1212AF90F4D3}"
EndProject
Global
	GlobalSection(SolutionConfigurationPlatforms) = preSolution
		Debug|Any CPU = Debug|Any CPU
		Release|Any CPU = Release|Any CPU
	EndGlobalSection
	GlobalSection(ProjectConfigurationPlatforms) = postSolution
		{3DE36F98-8CAF-45B9-B974-1212AF90F4D3}.Debug|Any CPU.ActiveCfg = Debug|Any CPU
		{3DE36F98-8CAF-45B9-B974-1212AF90F4D3}.Debug|Any CPU.Build.0 = Debug|Any CPU
		{3DE36F98-8CAF-45B9-B974-1212AF90F4D3}.Release|Any CPU.ActiveCfg = Release|Any CPU
		{3DE36F98-8CAF-45B9-B974-1212AF90F4D3}.Release|Any CPU.Build.0 = Release|Any CPU
	EndGlobalSection
	GlobalSection(SolutionProperties) = preSolution
		HideSolutionNode = FALSE
	EndGlobalSection
	GlobalSection(ExtensibilityGlobals) = postSolution
		SolutionGuid = {AF511DAB-269F-44BF-A576-D0BD78902D70}
	EndGlobalSection
EndGlobal
